// !$*UTF8*$!
{
	archiveVersion = 1;
	classes = {
	};
	objectVersion = 55;
	objects = {

/* Begin PBXBuildFile section */
		E844ADE628A91605006E2FA9 /* Logger+.swift in Sources */ = {isa = PBXBuildFile; fileRef = E844ADE528A91605006E2FA9 /* Logger+.swift */; };
		E898856E28A517E800D1CAA2 /* AppDelegate.swift in Sources */ = {isa = PBXBuildFile; fileRef = E898856D28A517E800D1CAA2 /* AppDelegate.swift */; };
		E898857028A517E800D1CAA2 /* SceneDelegate.swift in Sources */ = {isa = PBXBuildFile; fileRef = E898856F28A517E800D1CAA2 /* SceneDelegate.swift */; };
		E898857228A517E800D1CAA2 /* MainViewController.swift in Sources */ = {isa = PBXBuildFile; fileRef = E898857128A517E800D1CAA2 /* MainViewController.swift */; };
		E898857528A517E800D1CAA2 /* Main.storyboard in Resources */ = {isa = PBXBuildFile; fileRef = E898857328A517E800D1CAA2 /* Main.storyboard */; };
		E898857728A517EA00D1CAA2 /* Assets.xcassets in Resources */ = {isa = PBXBuildFile; fileRef = E898857628A517EA00D1CAA2 /* Assets.xcassets */; };
		E898857A28A517EA00D1CAA2 /* LaunchScreen.storyboard in Resources */ = {isa = PBXBuildFile; fileRef = E898857828A517EA00D1CAA2 /* LaunchScreen.storyboard */; };
/* End PBXBuildFile section */

/* Begin PBXFileReference section */
		E844ADE528A91605006E2FA9 /* Logger+.swift */ = {isa = PBXFileReference; lastKnownFileType = sourcecode.swift; path = "Logger+.swift"; sourceTree = "<group>"; };
		E898856A28A517E800D1CAA2 /* AppState.app */ = {isa = PBXFileReference; explicitFileType = wrapper.application; includeInIndex = 0; path = AppState.app; sourceTree = BUILT_PRODUCTS_DIR; };
		E898856D28A517E800D1CAA2 /* AppDelegate.swift */ = {isa = PBXFileReference; lastKnownFileType = sourcecode.swift; path = AppDelegate.swift; sourceTree = "<group>"; };
		E898856F28A517E800D1CAA2 /* SceneDelegate.swift */ = {isa = PBXFileReference; lastKnownFileType = sourcecode.swift; path = SceneDelegate.swift; sourceTree = "<group>"; };
		E898857128A517E800D1CAA2 /* MainViewController.swift */ = {isa = PBXFileReference; lastKnownFileType = sourcecode.swift; path = MainViewController.swift; sourceTree = "<group>"; };
		E898857428A517E800D1CAA2 /* Base */ = {isa = PBXFileReference; lastKnownFileType = file.storyboard; name = Base; path = Base.lproj/Main.storyboard; sourceTree = "<group>"; };
		E898857628A517EA00D1CAA2 /* Assets.xcassets */ = {isa = PBXFileReference; lastKnownFileType = folder.assetcatalog; path = Assets.xcassets; sourceTree = "<group>"; };
		E898857928A517EA00D1CAA2 /* Base */ = {isa = PBXFileReference; lastKnownFileType = file.storyboard; name = Base; path = Base.lproj/LaunchScreen.storyboard; sourceTree = "<group>"; };
		E898857B28A517EA00D1CAA2 /* Info.plist */ = {isa = PBXFileReference; lastKnownFileType = text.plist.xml; name = Info.plist; path = AppState/Resources/Info.plist; sourceTree = SOURCE_ROOT; };
/* End PBXFileReference section */

/* Begin PBXFrameworksBuildPhase section */
		E898856728A517E800D1CAA2 /* Frameworks */ = {
			isa = PBXFrameworksBuildPhase;
			buildActionMask = 2147483647;
			files = (
			);
			runOnlyForDeploymentPostprocessing = 0;
		};
/* End PBXFrameworksBuildPhase section */

/* Begin PBXGroup section */
		E844ADE428A915D2006E2FA9 /* Utils */ = {
			isa = PBXGroup;
			children = (
				E844ADE528A91605006E2FA9 /* Logger+.swift */,
			);
			path = Utils;
			sourceTree = "<group>";
		};
		E898856128A517E800D1CAA2 = {
			isa = PBXGroup;
			children = (
				E898856C28A517E800D1CAA2 /* AppState */,
				E898856B28A517E800D1CAA2 /* Products */,
			);
			sourceTree = "<group>";
		};
		E898856B28A517E800D1CAA2 /* Products */ = {
			isa = PBXGroup;
			children = (
				E898856A28A517E800D1CAA2 /* AppState.app */,
			);
			name = Products;
			sourceTree = "<group>";
		};
		E898856C28A517E800D1CAA2 /* AppState */ = {
			isa = PBXGroup;
			children = (
				E898858128A5180100D1CAA2 /* Application */,
				E898858328A5184400D1CAA2 /* Resources */,
				E898858228A5183C00D1CAA2 /* Scenes */,
				E844ADE428A915D2006E2FA9 /* Utils */,
			);
			path = AppState;
			sourceTree = "<group>";
		};
		E898858128A5180100D1CAA2 /* Application */ = {
			isa = PBXGroup;
			children = (
				E898856D28A517E800D1CAA2 /* AppDelegate.swift */,
				E898856F28A517E800D1CAA2 /* SceneDelegate.swift */,
			);
			path = Application;
			sourceTree = "<group>";
		};
		E898858228A5183C00D1CAA2 /* Scenes */ = {
			isa = PBXGroup;
			children = (
				E898857128A517E800D1CAA2 /* MainViewController.swift */,
				E898857328A517E800D1CAA2 /* Main.storyboard */,
			);
			path = Scenes;
			sourceTree = "<group>";
		};
		E898858328A5184400D1CAA2 /* Resources */ = {
			isa = PBXGroup;
			children = (
				E898857628A517EA00D1CAA2 /* Assets.xcassets */,
				E898857828A517EA00D1CAA2 /* LaunchScreen.storyboard */,
				E898857B28A517EA00D1CAA2 /* Info.plist */,
			);
			path = Resources;
			sourceTree = "<group>";
		};
/* End PBXGroup section */

/* Begin PBXNativeTarget section */
		E898856928A517E800D1CAA2 /* AppState */ = {
			isa = PBXNativeTarget;
			buildConfigurationList = E898857E28A517EA00D1CAA2 /* Build configuration list for PBXNativeTarget "AppState" */;
			buildPhases = (
				E898856628A517E800D1CAA2 /* Sources */,
				E898856728A517E800D1CAA2 /* Frameworks */,
				E898856828A517E800D1CAA2 /* Resources */,
			);
			buildRules = (
			);
			dependencies = (
			);
			name = AppState;
			productName = AppState;
			productReference = E898856A28A517E800D1CAA2 /* AppState.app */;
			productType = "com.apple.product-type.application";
		};
/* End PBXNativeTarget section */

/* Begin PBXProject section */
		E898856228A517E800D1CAA2 /* Project object */ = {
			isa = PBXProject;
			attributes = {
				BuildIndependentTargetsInParallel = 1;
				LastSwiftUpdateCheck = 1340;
				LastUpgradeCheck = 1340;
				TargetAttributes = {
					E898856928A517E800D1CAA2 = {
						CreatedOnToolsVersion = 13.4.1;
					};
				};
			};
			buildConfigurationList = E898856528A517E800D1CAA2 /* Build configuration list for PBXProject "AppState" */;
			compatibilityVersion = "Xcode 13.0";
			developmentRegion = en;
			hasScannedForEncodings = 0;
			knownRegions = (
				en,
				Base,
			);
			mainGroup = E898856128A517E800D1CAA2;
			productRefGroup = E898856B28A517E800D1CAA2 /* Products */;
			projectDirPath = "";
			projectRoot = "";
			targets = (
				E898856928A517E800D1CAA2 /* AppState */,
			);
		};
/* End PBXProject section */

/* Begin PBXResourcesBuildPhase section */
		E898856828A517E800D1CAA2 /* Resources */ = {
			isa = PBXResourcesBuildPhase;
			buildActionMask = 2147483647;
			files = (
				E898857A28A517EA00D1CAA2 /* LaunchScreen.storyboard in Resources */,
				E898857728A517EA00D1CAA2 /* Assets.xcassets in Resources */,
				E898857528A517E800D1CAA2 /* Main.storyboard in Resources */,
			);
			runOnlyForDeploymentPostprocessing = 0;
		};
/* End PBXResourcesBuildPhase section */

/* Begin PBXSourcesBuildPhase section */
		E898856628A517E800D1CAA2 /* Sources */ = {
			isa = PBXSourcesBuildPhase;
			buildActionMask = 2147483647;
			files = (
				E898857228A517E800D1CAA2 /* MainViewController.swift in Sources */,
				E898856E28A517E800D1CAA2 /* AppDelegate.swift in Sources */,
				E844ADE628A91605006E2FA9 /* Logger+.swift in Sources */,
				E898857028A517E800D1CAA2 /* SceneDelegate.swift in Sources */,
			);
			runOnlyForDeploymentPostprocessing = 0;
		};
/* End PBXSourcesBuildPhase section */

/* Begin PBXVariantGroup section */
		E898857328A517E800D1CAA2 /* Main.storyboard */ = {
			isa = PBXVariantGroup;
			children = (
				E898857428A517E800D1CAA2 /* Base */,
			);
			name = Main.storyboard;
			sourceTree = "<group>";
		};
		E898857828A517EA00D1CAA2 /* LaunchScreen.storyboard */ = {
			isa = PBXVariantGroup;
			children = (
				E898857928A517EA00D1CAA2 /* Base */,
			);
			name = LaunchScreen.storyboard;
			sourceTree = "<group>";
		};
/* End PBXVariantGroup section */

/* Begin XCBuildConfiguration section */
		E898857C28A517EA00D1CAA2 /* Debug */ = {
			isa = XCBuildConfiguration;
			buildSettings = {
				ALWAYS_SEARCH_USER_PATHS = NO;
				CLANG_ANALYZER_NONNULL = YES;
				CLANG_ANALYZER_NUMBER_OBJECT_CONVERSION = YES_AGGRESSIVE;
				CLANG_CXX_LANGUAGE_STANDARD = "gnu++17";
				CLANG_ENABLE_MODULES = YES;
				CLANG_ENABLE_OBJC_ARC = YES;
				CLANG_ENABLE_OBJC_WEAK = YES;
				CLANG_WARN_BLOCK_CAPTURE_AUTORELEASING = YES;
				CLANG_WARN_BOOL_CONVERSION = YES;
				CLANG_WARN_COMMA = YES;
				CLANG_WARN_CONSTANT_CONVERSION = YES;
				CLANG_WARN_DEPRECATED_OBJC_IMPLEMENTATIONS = YES;
				CLANG_WARN_DIRECT_OBJC_ISA_USAGE = YES_ERROR;
				CLANG_WARN_DOCUMENTATION_COMMENTS = YES;
				CLANG_WARN_EMPTY_BODY = YES;
				CLANG_WARN_ENUM_CONVERSION = YES;
				CLANG_WARN_INFINITE_RECURSION = YES;
				CLANG_WARN_INT_CONVERSION = YES;
				CLANG_WARN_NON_LITERAL_NULL_CONVERSION = YES;
				CLANG_WARN_OBJC_IMPLICIT_RETAIN_SELF = YES;
				CLANG_WARN_OBJC_LITERAL_CONVERSION = YES;
				CLANG_WARN_OBJC_ROOT_CLASS = YES_ERROR;
				CLANG_WARN_QUOTED_INCLUDE_IN_FRAMEWORK_HEADER = YES;
				CLANG_WARN_RANGE_LOOP_ANALYSIS = YES;
				CLANG_WARN_STRICT_PROTOTYPES = YES;
				CLANG_WARN_SUSPICIOUS_MOVE = YES;
				CLANG_WARN_UNGUARDED_AVAILABILITY = YES_AGGRESSIVE;
				CLANG_WARN_UNREACHABLE_CODE = YES;
				CLANG_WARN__DUPLICATE_METHOD_MATCH = YES;
				COPY_PHASE_STRIP = NO;
				DEBUG_INFORMATION_FORMAT = dwarf;
				ENABLE_STRICT_OBJC_MSGSEND = YES;
				ENABLE_TESTABILITY = YES;
				GCC_C_LANGUAGE_STANDARD = gnu11;
				GCC_DYNAMIC_NO_PIC = NO;
				GCC_NO_COMMON_BLOCKS = YES;
				GCC_OPTIMIZATION_LEVEL = 0;
				GCC_PREPROCESSOR_DEFINITIONS = (
					"DEBUG=1",
					"$(inherited)",
				);
				GCC_WARN_64_TO_32_BIT_CONVERSION = YES;
				GCC_WARN_ABOUT_RETURN_TYPE = YES_ERROR;
				GCC_WARN_UNDECLARED_SELECTOR = YES;
				GCC_WARN_UNINITIALIZED_AUTOS = YES_AGGRESSIVE;
				GCC_WARN_UNUSED_FUNCTION = YES;
				GCC_WARN_UNUSED_VARIABLE = YES;
				IPHONEOS_DEPLOYMENT_TARGET = 15.0;
				MTL_ENABLE_DEBUG_INFO = INCLUDE_SOURCE;
				MTL_FAST_MATH = YES;
				ONLY_ACTIVE_ARCH = YES;
				SDKROOT = iphoneos;
				SWIFT_ACTIVE_COMPILATION_CONDITIONS = DEBUG;
				SWIFT_OPTIMIZATION_LEVEL = "-Onone";
			};
			name = Debug;
		};
		E898857D28A517EA00D1CAA2 /* Release */ = {
			isa = XCBuildConfiguration;
			buildSettings = {
				ALWAYS_SEARCH_USER_PATHS = NO;
				CLANG_ANALYZER_NONNULL = YES;
				CLANG_ANALYZER_NUMBER_OBJECT_CONVERSION = YES_AGGRESSIVE;
				CLANG_CXX_LANGUAGE_STANDARD = "gnu++17";
				CLANG_ENABLE_MODULES = YES;
				CLANG_ENABLE_OBJC_ARC = YES;
				CLANG_ENABLE_OBJC_WEAK = YES;
				CLANG_WARN_BLOCK_CAPTURE_AUTORELEASING = YES;
				CLANG_WARN_BOOL_CONVERSION = YES;
				CLANG_WARN_COMMA = YES;
				CLANG_WARN_CONSTANT_CONVERSION = YES;
				CLANG_WARN_DEPRECATED_OBJC_IMPLEMENTATIONS = YES;
				CLANG_WARN_DIRECT_OBJC_ISA_USAGE = YES_ERROR;
				CLANG_WARN_DOCUMENTATION_COMMENTS = YES;
				CLANG_WARN_EMPTY_BODY = YES;
				CLANG_WARN_ENUM_CONVERSION = YES;
				CLANG_WARN_INFINITE_RECURSION = YES;
				CLANG_WARN_INT_CONVERSION = YES;
				CLANG_WARN_NON_LITERAL_NULL_CONVERSION = YES;
				CLANG_WARN_OBJC_IMPLICIT_RETAIN_SELF = YES;
				CLANG_WARN_OBJC_LITERAL_CONVERSION = YES;
				CLANG_WARN_OBJC_ROOT_CLASS = YES_ERROR;
				CLANG_WARN_QUOTED_INCLUDE_IN_FRAMEWORK_HEADER = YES;
				CLANG_WARN_RANGE_LOOP_ANALYSIS = YES;
				CLANG_WARN_STRICT_PROTOTYPES = YES;
				CLANG_WARN_SUSPICIOUS_MOVE = YES;
				CLANG_WARN_UNGUARDED_AVAILABILITY = YES_AGGRESSIVE;
				CLANG_WARN_UNREACHABLE_CODE = YES;
				CLANG_WARN__DUPLICATE_METHOD_MATCH = YES;
				COPY_PHASE_STRIP = NO;
				DEBUG_INFORMATION_FORMAT = "dwarf-with-dsym";
				ENABLE_NS_ASSERTIONS = NO;
				ENABLE_STRICT_OBJC_MSGSEND = YES;
				GCC_C_LANGUAGE_STANDARD = gnu11;
				GCC_NO_COMMON_BLOCKS = YES;
				GCC_WARN_64_TO_32_BIT_CONVERSION = YES;
				GCC_WARN_ABOUT_RETURN_TYPE = YES_ERROR;
				GCC_WARN_UNDECLARED_SELECTOR = YES;
				GCC_WARN_UNINITIALIZED_AUTOS = YES_AGGRESSIVE;
				GCC_WARN_UNUSED_FUNCTION = YES;
				GCC_WARN_UNUSED_VARIABLE = YES;
				IPHONEOS_DEPLOYMENT_TARGET = 15.0;
				MTL_ENABLE_DEBUG_INFO = NO;
				MTL_FAST_MATH = YES;
				SDKROOT = iphoneos;
				SWIFT_COMPILATION_MODE = wholemodule;
				SWIFT_OPTIMIZATION_LEVEL = "-O";
				VALIDATE_PRODUCT = YES;
			};
			name = Release;
		};
		E898857F28A517EA00D1CAA2 /* Debug */ = {
			isa = XCBuildConfiguration;
			buildSettings = {
				ASSETCATALOG_COMPILER_APPICON_NAME = AppIcon;
				ASSETCATALOG_COMPILER_GLOBAL_ACCENT_COLOR_NAME = AccentColor;
				CODE_SIGN_STYLE = Automatic;
				CURRENT_PROJECT_VERSION = 1;
				DEVELOPMENT_TEAM = 2AVC8X7323;
				GENERATE_INFOPLIST_FILE = YES;
				INFOPLIST_FILE = AppState/Resources/Info.plist;
				INFOPLIST_KEY_UIApplicationSupportsIndirectInputEvents = YES;
				INFOPLIST_KEY_UILaunchStoryboardName = LaunchScreen;
				INFOPLIST_KEY_UIMainStoryboardFile = Main;
				INFOPLIST_KEY_UISupportedInterfaceOrientations = UIInterfaceOrientationPortrait;
				INFOPLIST_KEY_UISupportedInterfaceOrientations_iPad = "UIInterfaceOrientationPortrait UIInterfaceOrientationPortraitUpsideDown UIInterfaceOrientationLandscapeLeft UIInterfaceOrientationLandscapeRight";
				INFOPLIST_KEY_UISupportedInterfaceOrientations_iPhone = "UIInterfaceOrientationPortrait UIInterfaceOrientationLandscapeLeft UIInterfaceOrientationLandscapeRight";
				IPHONEOS_DEPLOYMENT_TARGET = 15.0;
				LD_RUNPATH_SEARCH_PATHS = (
					"$(inherited)",
					"@executable_path/Frameworks",
				);
				MARKETING_VERSION = 1.0;
				PRODUCT_BUNDLE_IDENTIFIER = woin2ee.AppState;
				PRODUCT_NAME = "$(TARGET_NAME)";
				SWIFT_EMIT_LOC_STRINGS = YES;
				SWIFT_VERSION = 5.0;
				TARGETED_DEVICE_FAMILY = 1;
			};
			name = Debug;
		};
		E898858028A517EA00D1CAA2 /* Release */ = {
			isa = XCBuildConfiguration;
			buildSettings = {
				ASSETCATALOG_COMPILER_APPICON_NAME = AppIcon;
				ASSETCATALOG_COMPILER_GLOBAL_ACCENT_COLOR_NAME = AccentColor;
				CODE_SIGN_STYLE = Automatic;
				CURRENT_PROJECT_VERSION = 1;
				DEVELOPMENT_TEAM = 2AVC8X7323;
				GENERATE_INFOPLIST_FILE = YES;
				INFOPLIST_FILE = AppState/Resources/Info.plist;
				INFOPLIST_KEY_UIApplicationSupportsIndirectInputEvents = YES;
				INFOPLIST_KEY_UILaunchStoryboardName = LaunchScreen;
				INFOPLIST_KEY_UIMainStoryboardFile = Main;
				INFOPLIST_KEY_UISupportedInterfaceOrientations = UIInterfaceOrientationPortrait;
				INFOPLIST_KEY_UISupportedInterfaceOrientations_iPad = "UIInterfaceOrientationPortrait UIInterfaceOrientationPortraitUpsideDown UIInterfaceOrientationLandscapeLeft UIInterfaceOrientationLandscapeRight";
				INFOPLIST_KEY_UISupportedInterfaceOrientations_iPhone = "UIInterfaceOrientationPortrait UIInterfaceOrientationLandscapeLeft UIInterfaceOrientationLandscapeRight";
				IPHONEOS_DEPLOYMENT_TARGET = 15.0;
				LD_RUNPATH_SEARCH_PATHS = (
					"$(inherited)",
					"@executable_path/Frameworks",
				);
				MARKETING_VERSION = 1.0;
				PRODUCT_BUNDLE_IDENTIFIER = woin2ee.AppState;
				PRODUCT_NAME = "$(TARGET_NAME)";
				SWIFT_EMIT_LOC_STRINGS = YES;
				SWIFT_VERSION = 5.0;
				TARGETED_DEVICE_FAMILY = 1;
			};
			name = Release;
		};
/* End XCBuildConfiguration section */

/* Begin XCConfigurationList section */
		E898856528A517E800D1CAA2 /* Build configuration list for PBXProject "AppState" */ = {
			isa = XCConfigurationList;
			buildConfigurations = (
				E898857C28A517EA00D1CAA2 /* Debug */,
				E898857D28A517EA00D1CAA2 /* Release */,
			);
			defaultConfigurationIsVisible = 0;
			defaultConfigurationName = Release;
		};
		E898857E28A517EA00D1CAA2 /* Build configuration list for PBXNativeTarget "AppState" */ = {
			isa = XCConfigurationList;
			buildConfigurations = (
				E898857F28A517EA00D1CAA2 /* Debug */,
				E898858028A517EA00D1CAA2 /* Release */,
			);
			defaultConfigurationIsVisible = 0;
			defaultConfigurationName = Release;
		};
/* End XCConfigurationList section */
	};
	rootObject = E898856228A517E800D1CAA2 /* Project object */;
}
